
Microsoft Visual Studio Solution File, Format Version 12.00
# Visual Studio Version 16
VisualStudioVersion = 16.0.29201.188
MinimumVisualStudioVersion = 10.0.40219.1
Project("{2150E333-8FDC-42A3-9474-1A3956D46DE8}") = "0 - Tests", "0 - Tests", "{AD237FAA-4DFC-469B-9DD2-A352150C9E09}"
EndProject
Project("{2150E333-8FDC-42A3-9474-1A3956D46DE8}") = "1 - Core", "1 - Core", "{0261EF9C-2CBA-4031-B3DC-3593A24BCD9E}"
EndProject
Project("{2150E333-8FDC-42A3-9474-1A3956D46DE8}") = "2 - Infrastructure", "2 - Infrastructure", "{B21DB311-BB19-4B1A-A291-748A50C177B9}"
EndProject
Project("{2150E333-8FDC-42A3-9474-1A3956D46DE8}") = "3 - Service", "3 - Service", "{0803525F-29F1-44A2-A073-223D2392E6D1}"
EndProject
Project("{2150E333-8FDC-42A3-9474-1A3956D46DE8}") = "4 - Presentation", "4 - Presentation", "{81B3E5EC-14D5-4ED4-AA1C-033DAA6E8405}"
EndProject
Project("{9A19103F-16F7-4668-BE54-9A1E7A4F7556}") = "Gestor.CoreBusiness.Domain", "Gestor.CoreBusiness.Domain\Gestor.CoreBusiness.Domain.csproj", "{E198BDF1-3FC2-4E84-8E5B-64C0D52F3252}"
EndProject
Project("{9A19103F-16F7-4668-BE54-9A1E7A4F7556}") = "Gestor.CoreBusiness.Application", "Gestor.CoreBusiness.Application\Gestor.CoreBusiness.Application.csproj", "{BFD4A1D7-7E32-4B89-86D9-FCC5FDF9B9C8}"
EndProject
Project("{9A19103F-16F7-4668-BE54-9A1E7A4F7556}") = "Gestor.CoreBusiness.Infrastructure.EntityFrameworkCore", "Gestor.CoreBusiness.Infrastructure.EntityFrameworkCore\Gestor.CoreBusiness.Infrastructure.EntityFrameworkCore.csproj", "{1A88452D-D36D-428E-A1FC-DD04608A7567}"
EndProject
Project("{9A19103F-16F7-4668-BE54-9A1E7A4F7556}") = "Gestor.CoreBusiness.WebApi", "Gestor.CoreBusiness.WebApi\Gestor.CoreBusiness.WebApi.csproj", "{3DB5CBAF-5037-462A-9D8A-7B62635F7EE0}"
EndProject
Project("{FAE04EC0-301F-11D3-BF4B-00C04F79EFBC}") = "Gestor.RazorPages", "Gestor.RazorPages\Gestor.RazorPages.csproj", "{A67E10A6-34F2-4317-8464-A865BC0189DE}"
EndProject
Global
	GlobalSection(SolutionConfigurationPlatforms) = preSolution
		Debug|Any CPU = Debug|Any CPU
		Release|Any CPU = Release|Any CPU
	EndGlobalSection
	GlobalSection(ProjectConfigurationPlatforms) = postSolution
		{E198BDF1-3FC2-4E84-8E5B-64C0D52F3252}.Debug|Any CPU.ActiveCfg = Debug|Any CPU
		{E198BDF1-3FC2-4E84-8E5B-64C0D52F3252}.Debug|Any CPU.Build.0 = Debug|Any CPU
		{E198BDF1-3FC2-4E84-8E5B-64C0D52F3252}.Release|Any CPU.ActiveCfg = Release|Any CPU
		{E198BDF1-3FC2-4E84-8E5B-64C0D52F3252}.Release|Any CPU.Build.0 = Release|Any CPU
		{BFD4A1D7-7E32-4B89-86D9-FCC5FDF9B9C8}.Debug|Any CPU.ActiveCfg = Debug|Any CPU
		{BFD4A1D7-7E32-4B89-86D9-FCC5FDF9B9C8}.Debug|Any CPU.Build.0 = Debug|Any CPU
		{BFD4A1D7-7E32-4B89-86D9-FCC5FDF9B9C8}.Release|Any CPU.ActiveCfg = Release|Any CPU
		{BFD4A1D7-7E32-4B89-86D9-FCC5FDF9B9C8}.Release|Any CPU.Build.0 = Release|Any CPU
		{1A88452D-D36D-428E-A1FC-DD04608A7567}.Debug|Any CPU.ActiveCfg = Debug|Any CPU
		{1A88452D-D36D-428E-A1FC-DD04608A7567}.Debug|Any CPU.Build.0 = Debug|Any CPU
		{1A88452D-D36D-428E-A1FC-DD04608A7567}.Release|Any CPU.ActiveCfg = Release|Any CPU
		{1A88452D-D36D-428E-A1FC-DD04608A7567}.Release|Any CPU.Build.0 = Release|Any CPU
		{3DB5CBAF-5037-462A-9D8A-7B62635F7EE0}.Debug|Any CPU.ActiveCfg = Debug|Any CPU
		{3DB5CBAF-5037-462A-9D8A-7B62635F7EE0}.Debug|Any CPU.Build.0 = Debug|Any CPU
		{3DB5CBAF-5037-462A-9D8A-7B62635F7EE0}.Release|Any CPU.ActiveCfg = Release|Any CPU
		{3DB5CBAF-5037-462A-9D8A-7B62635F7EE0}.Release|Any CPU.Build.0 = Release|Any CPU
		{A67E10A6-34F2-4317-8464-A865BC0189DE}.Debug|Any CPU.ActiveCfg = Debug|Any CPU
		{A67E10A6-34F2-4317-8464-A865BC0189DE}.Debug|Any CPU.Build.0 = Debug|Any CPU
		{A67E10A6-34F2-4317-8464-A865BC0189DE}.Release|Any CPU.ActiveCfg = Release|Any CPU
		{A67E10A6-34F2-4317-8464-A865BC0189DE}.Release|Any CPU.Build.0 = Release|Any CPU
	EndGlobalSection
	GlobalSection(SolutionProperties) = preSolution
		HideSolutionNode = FALSE
	EndGlobalSection
	GlobalSection(NestedProjects) = preSolution
		{E198BDF1-3FC2-4E84-8E5B-64C0D52F3252} = {0261EF9C-2CBA-4031-B3DC-3593A24BCD9E}
		{BFD4A1D7-7E32-4B89-86D9-FCC5FDF9B9C8} = {0261EF9C-2CBA-4031-B3DC-3593A24BCD9E}
		{1A88452D-D36D-428E-A1FC-DD04608A7567} = {B21DB311-BB19-4B1A-A291-748A50C177B9}
		{3DB5CBAF-5037-462A-9D8A-7B62635F7EE0} = {0803525F-29F1-44A2-A073-223D2392E6D1}
		{A67E10A6-34F2-4317-8464-A865BC0189DE} = {81B3E5EC-14D5-4ED4-AA1C-033DAA6E8405}
	EndGlobalSection
	GlobalSection(ExtensibilityGlobals) = postSolution
		SolutionGuid = {663B7E3D-8044-49EA-9EB9-1909B819E414}
	EndGlobalSection
EndGlobal
