
Microsoft Visual Studio Solution File, Format Version 12.00
# Visual Studio Version 16
VisualStudioVersion = 16.0.29102.190
MinimumVisualStudioVersion = 10.0.40219.1
Project("{FAE04EC0-301F-11D3-BF4B-00C04F79EFBC}") = "GISWeb", "GISWeb\GISWeb.csproj", "{320AB5F4-89AB-4986-8E19-0DA27259EE7A}"
EndProject
Project("{FAE04EC0-301F-11D3-BF4B-00C04F79EFBC}") = "GISCore", "GISCore\GISCore.csproj", "{CB60D092-E5F0-490F-903B-B4CD3F346640}"
EndProject
Project("{FAE04EC0-301F-11D3-BF4B-00C04F79EFBC}") = "GISModel", "GISModel\GISModel.csproj", "{CA63050F-996A-4912-8282-B00BF4438FB7}"
EndProject
Project("{FAE04EC0-301F-11D3-BF4B-00C04F79EFBC}") = "GISHelpers", "GISHelpers\GISHelpers.csproj", "{0ABAFE77-95A2-49CA-A270-D36F8948D3D1}"
EndProject
Project("{2150E333-8FDC-42A3-9474-1A3956D46DE8}") = "Gestor", "Gestor", "{BDB93948-2332-41C4-9B49-3E397E38ED57}"
EndProject
Project("{FAE04EC0-301F-11D3-BF4B-00C04F79EFBC}") = "Gestor.Application", "Gestor.Application\Gestor.Application.csproj", "{E8E3694D-D79B-4136-BBE5-F628E70FF036}"
EndProject
Project("{FAE04EC0-301F-11D3-BF4B-00C04F79EFBC}") = "Gestor.Domain", "Gestor.Domain\Gestor.Domain.csproj", "{C3647239-A34D-488B-A7C6-919BBFBFCE61}"
EndProject
Project("{2150E333-8FDC-42A3-9474-1A3956D46DE8}") = "1 - Domain", "1 - Domain", "{BA6B9868-DEAE-4386-AAA4-C0C2A15E8460}"
EndProject
Project("{2150E333-8FDC-42A3-9474-1A3956D46DE8}") = "2 - Application", "2 - Application", "{6045751A-9387-4AE2-8347-318CEF1E2BEE}"
EndProject
Project("{2150E333-8FDC-42A3-9474-1A3956D46DE8}") = "3 - Infrastructure", "3 - Infrastructure", "{81404D53-4794-4596-B154-7E7BA0CD0B4A}"
EndProject
Project("{2150E333-8FDC-42A3-9474-1A3956D46DE8}") = "0 - Tests", "0 - Tests", "{3D8FFCEF-5330-41ED-B2D5-07F7ACB0A263}"
EndProject
Project("{2150E333-8FDC-42A3-9474-1A3956D46DE8}") = "4 - Presentation", "4 - Presentation", "{4B033B42-E8B8-4C60-930A-493FADCE6B81}"
EndProject
Project("{FAE04EC0-301F-11D3-BF4B-00C04F79EFBC}") = "Gestor.Infrastructure.EntityFramework", "Gestor.Infrastructure.EntityFramework\Gestor.Infrastructure.EntityFramework.csproj", "{20D99C0E-BABD-4EBA-8DA1-3DB66ABF68E7}"
EndProject
Project("{FAE04EC0-301F-11D3-BF4B-00C04F79EFBC}") = "Gestor.Infrastructure.Dapper", "Gestor.Infrastructure.Dapper\Gestor.Infrastructure.Dapper.csproj", "{137EF12E-4E75-4EF5-9195-9B412460966D}"
EndProject
Global
	GlobalSection(SolutionConfigurationPlatforms) = preSolution
		Debug|Any CPU = Debug|Any CPU
		Release|Any CPU = Release|Any CPU
	EndGlobalSection
	GlobalSection(ProjectConfigurationPlatforms) = postSolution
		{320AB5F4-89AB-4986-8E19-0DA27259EE7A}.Debug|Any CPU.ActiveCfg = Debug|Any CPU
		{320AB5F4-89AB-4986-8E19-0DA27259EE7A}.Debug|Any CPU.Build.0 = Debug|Any CPU
		{320AB5F4-89AB-4986-8E19-0DA27259EE7A}.Release|Any CPU.ActiveCfg = Release|Any CPU
		{320AB5F4-89AB-4986-8E19-0DA27259EE7A}.Release|Any CPU.Build.0 = Release|Any CPU
		{CB60D092-E5F0-490F-903B-B4CD3F346640}.Debug|Any CPU.ActiveCfg = Debug|Any CPU
		{CB60D092-E5F0-490F-903B-B4CD3F346640}.Debug|Any CPU.Build.0 = Debug|Any CPU
		{CB60D092-E5F0-490F-903B-B4CD3F346640}.Release|Any CPU.ActiveCfg = Release|Any CPU
		{CB60D092-E5F0-490F-903B-B4CD3F346640}.Release|Any CPU.Build.0 = Release|Any CPU
		{CA63050F-996A-4912-8282-B00BF4438FB7}.Debug|Any CPU.ActiveCfg = Debug|Any CPU
		{CA63050F-996A-4912-8282-B00BF4438FB7}.Debug|Any CPU.Build.0 = Debug|Any CPU
		{CA63050F-996A-4912-8282-B00BF4438FB7}.Release|Any CPU.ActiveCfg = Release|Any CPU
		{CA63050F-996A-4912-8282-B00BF4438FB7}.Release|Any CPU.Build.0 = Release|Any CPU
		{0ABAFE77-95A2-49CA-A270-D36F8948D3D1}.Debug|Any CPU.ActiveCfg = Debug|Any CPU
		{0ABAFE77-95A2-49CA-A270-D36F8948D3D1}.Debug|Any CPU.Build.0 = Debug|Any CPU
		{0ABAFE77-95A2-49CA-A270-D36F8948D3D1}.Release|Any CPU.ActiveCfg = Release|Any CPU
		{0ABAFE77-95A2-49CA-A270-D36F8948D3D1}.Release|Any CPU.Build.0 = Release|Any CPU
		{E8E3694D-D79B-4136-BBE5-F628E70FF036}.Debug|Any CPU.ActiveCfg = Debug|Any CPU
		{E8E3694D-D79B-4136-BBE5-F628E70FF036}.Debug|Any CPU.Build.0 = Debug|Any CPU
		{E8E3694D-D79B-4136-BBE5-F628E70FF036}.Release|Any CPU.ActiveCfg = Release|Any CPU
		{E8E3694D-D79B-4136-BBE5-F628E70FF036}.Release|Any CPU.Build.0 = Release|Any CPU
		{C3647239-A34D-488B-A7C6-919BBFBFCE61}.Debug|Any CPU.ActiveCfg = Debug|Any CPU
		{C3647239-A34D-488B-A7C6-919BBFBFCE61}.Debug|Any CPU.Build.0 = Debug|Any CPU
		{C3647239-A34D-488B-A7C6-919BBFBFCE61}.Release|Any CPU.ActiveCfg = Release|Any CPU
		{C3647239-A34D-488B-A7C6-919BBFBFCE61}.Release|Any CPU.Build.0 = Release|Any CPU
		{20D99C0E-BABD-4EBA-8DA1-3DB66ABF68E7}.Debug|Any CPU.ActiveCfg = Debug|Any CPU
		{20D99C0E-BABD-4EBA-8DA1-3DB66ABF68E7}.Debug|Any CPU.Build.0 = Debug|Any CPU
		{20D99C0E-BABD-4EBA-8DA1-3DB66ABF68E7}.Release|Any CPU.ActiveCfg = Release|Any CPU
		{20D99C0E-BABD-4EBA-8DA1-3DB66ABF68E7}.Release|Any CPU.Build.0 = Release|Any CPU
		{137EF12E-4E75-4EF5-9195-9B412460966D}.Debug|Any CPU.ActiveCfg = Debug|Any CPU
		{137EF12E-4E75-4EF5-9195-9B412460966D}.Debug|Any CPU.Build.0 = Debug|Any CPU
		{137EF12E-4E75-4EF5-9195-9B412460966D}.Release|Any CPU.ActiveCfg = Release|Any CPU
		{137EF12E-4E75-4EF5-9195-9B412460966D}.Release|Any CPU.Build.0 = Release|Any CPU
	EndGlobalSection
	GlobalSection(SolutionProperties) = preSolution
		HideSolutionNode = FALSE
	EndGlobalSection
	GlobalSection(NestedProjects) = preSolution
		{E8E3694D-D79B-4136-BBE5-F628E70FF036} = {6045751A-9387-4AE2-8347-318CEF1E2BEE}
		{C3647239-A34D-488B-A7C6-919BBFBFCE61} = {BA6B9868-DEAE-4386-AAA4-C0C2A15E8460}
		{BA6B9868-DEAE-4386-AAA4-C0C2A15E8460} = {BDB93948-2332-41C4-9B49-3E397E38ED57}
		{6045751A-9387-4AE2-8347-318CEF1E2BEE} = {BDB93948-2332-41C4-9B49-3E397E38ED57}
		{81404D53-4794-4596-B154-7E7BA0CD0B4A} = {BDB93948-2332-41C4-9B49-3E397E38ED57}
		{3D8FFCEF-5330-41ED-B2D5-07F7ACB0A263} = {BDB93948-2332-41C4-9B49-3E397E38ED57}
		{4B033B42-E8B8-4C60-930A-493FADCE6B81} = {BDB93948-2332-41C4-9B49-3E397E38ED57}
		{20D99C0E-BABD-4EBA-8DA1-3DB66ABF68E7} = {81404D53-4794-4596-B154-7E7BA0CD0B4A}
		{137EF12E-4E75-4EF5-9195-9B412460966D} = {81404D53-4794-4596-B154-7E7BA0CD0B4A}
	EndGlobalSection
	GlobalSection(ExtensibilityGlobals) = postSolution
		SolutionGuid = {4AC8DF0D-1EE1-4D6E-9B9A-5FE34AC78865}
	EndGlobalSection
EndGlobal
